
Microsoft Visual Studio Solution File, Format Version 12.00
# Visual Studio 15
VisualStudioVersion = 15.0.28010.2036
MinimumVisualStudioVersion = 10.0.40219.1
Project("{FAE04EC0-301F-11D3-BF4B-00C04F79EFBC}") = "IPS.Logic.BD", "IPS.Logic.BD\IPS.Logic.BD.csproj", "{715FCCA3-E726-42E2-A828-FF5D33C2FF81}"
EndProject
Global
	GlobalSection(SolutionConfigurationPlatforms) = preSolution
		Debug|Any CPU = Debug|Any CPU
		Release|Any CPU = Release|Any CPU
	EndGlobalSection
	GlobalSection(ProjectConfigurationPlatforms) = postSolution
		{715FCCA3-E726-42E2-A828-FF5D33C2FF81}.Debug|Any CPU.ActiveCfg = Debug|Any CPU
		{715FCCA3-E726-42E2-A828-FF5D33C2FF81}.Debug|Any CPU.Build.0 = Debug|Any CPU
		{715FCCA3-E726-42E2-A828-FF5D33C2FF81}.Release|Any CPU.ActiveCfg = Release|Any CPU
		{715FCCA3-E726-42E2-A828-FF5D33C2FF81}.Release|Any CPU.Build.0 = Release|Any CPU
	EndGlobalSection
	GlobalSection(SolutionProperties) = preSolution
		HideSolutionNode = FALSE
	EndGlobalSection
	GlobalSection(ExtensibilityGlobals) = postSolution
		SolutionGuid = {B4F13A4A-5856-4F5B-B70D-0D71F52704FA}
	EndGlobalSection
EndGlobal
